
Microsoft Visual Studio Solution File, Format Version 12.00
# Visual Studio Version 17
VisualStudioVersion = 17.10.35027.167
MinimumVisualStudioVersion = 10.0.40219.1
Project("{FAE04EC0-301F-11D3-BF4B-00C04F79EFBC}") = "Company.Test.PL", "Company.Test.PL\Company.Test.PL.csproj", "{C0BAD8B9-B582-4E59-B3EB-37A0BEE12079}"
EndProject
Project("{FAE04EC0-301F-11D3-BF4B-00C04F79EFBC}") = "Company.Test.DAL", "Compant.Test.DAL\Company.Test.DAL.csproj", "{AB50B892-25D2-4F32-AD80-831C4738FC9E}"
EndProject
Project("{FAE04EC0-301F-11D3-BF4B-00C04F79EFBC}") = "Company.Test.BLL", "Compant.Test.BLL\Company.Test.BLL.csproj", "{F2B3EE0E-919F-4AAF-8D01-01488708CA0C}"
EndProject
Global
	GlobalSection(SolutionConfigurationPlatforms) = preSolution
		Debug|Any CPU = Debug|Any CPU
		Release|Any CPU = Release|Any CPU
	EndGlobalSection
	GlobalSection(ProjectConfigurationPlatforms) = postSolution
		{C0BAD8B9-B582-4E59-B3EB-37A0BEE12079}.Debug|Any CPU.ActiveCfg = Debug|Any CPU
		{C0BAD8B9-B582-4E59-B3EB-37A0BEE12079}.Debug|Any CPU.Build.0 = Debug|Any CPU
		{C0BAD8B9-B582-4E59-B3EB-37A0BEE12079}.Release|Any CPU.ActiveCfg = Release|Any CPU
		{C0BAD8B9-B582-4E59-B3EB-37A0BEE12079}.Release|Any CPU.Build.0 = Release|Any CPU
		{AB50B892-25D2-4F32-AD80-831C4738FC9E}.Debug|Any CPU.ActiveCfg = Debug|Any CPU
		{AB50B892-25D2-4F32-AD80-831C4738FC9E}.Debug|Any CPU.Build.0 = Debug|Any CPU
		{AB50B892-25D2-4F32-AD80-831C4738FC9E}.Release|Any CPU.ActiveCfg = Release|Any CPU
		{AB50B892-25D2-4F32-AD80-831C4738FC9E}.Release|Any CPU.Build.0 = Release|Any CPU
		{F2B3EE0E-919F-4AAF-8D01-01488708CA0C}.Debug|Any CPU.ActiveCfg = Debug|Any CPU
		{F2B3EE0E-919F-4AAF-8D01-01488708CA0C}.Debug|Any CPU.Build.0 = Debug|Any CPU
		{F2B3EE0E-919F-4AAF-8D01-01488708CA0C}.Release|Any CPU.ActiveCfg = Release|Any CPU
		{F2B3EE0E-919F-4AAF-8D01-01488708CA0C}.Release|Any CPU.Build.0 = Release|Any CPU
	EndGlobalSection
	GlobalSection(SolutionProperties) = preSolution
		HideSolutionNode = FALSE
	EndGlobalSection
	GlobalSection(ExtensibilityGlobals) = postSolution
		SolutionGuid = {2BF5374F-87DB-4DB3-B64C-46F8BF6D3B62}
	EndGlobalSection
EndGlobal
